
Microsoft Visual Studio Solution File, Format Version 12.00
# Visual Studio Version 17
VisualStudioVersion = 17.11.35327.3
MinimumVisualStudioVersion = 10.0.40219.1
Project("{FAE04EC0-301F-11D3-BF4B-00C04F79EFBC}") = "Task04-1", "Task04-1\Task04-1.csproj", "{CAE498A2-3DF0-4321-863C-9335189AEC02}"
EndProject
Global
	GlobalSection(SolutionConfigurationPlatforms) = preSolution
		Debug|Any CPU = Debug|Any CPU
		Release|Any CPU = Release|Any CPU
	EndGlobalSection
	GlobalSection(ProjectConfigurationPlatforms) = postSolution
		{CAE498A2-3DF0-4321-863C-9335189AEC02}.Debug|Any CPU.ActiveCfg = Debug|Any CPU
		{CAE498A2-3DF0-4321-863C-9335189AEC02}.Debug|Any CPU.Build.0 = Debug|Any CPU
		{CAE498A2-3DF0-4321-863C-9335189AEC02}.Release|Any CPU.ActiveCfg = Release|Any CPU
		{CAE498A2-3DF0-4321-863C-9335189AEC02}.Release|Any CPU.Build.0 = Release|Any CPU
	EndGlobalSection
	GlobalSection(SolutionProperties) = preSolution
		HideSolutionNode = FALSE
	EndGlobalSection
	GlobalSection(ExtensibilityGlobals) = postSolution
		SolutionGuid = {C72179E2-A0DF-4CB4-ADB7-FECAEF5D2B41}
	EndGlobalSection
EndGlobal
