
Microsoft Visual Studio Solution File, Format Version 12.00
# Visual Studio Version 17
VisualStudioVersion = 17.11.35327.3
MinimumVisualStudioVersion = 10.0.40219.1
Project("{9A19103F-16F7-4668-BE54-9A1E7A4F7556}") = "Task04", "Task04\Task04.csproj", "{C7736B63-0780-4C18-98B0-0FABFF15D76F}"
EndProject
Project("{9A19103F-16F7-4668-BE54-9A1E7A4F7556}") = "Task04-1", "Task04-1\Task04-1.csproj", "{DF5D972D-021F-482B-8A97-8308C45F2A05}"
EndProject
Project("{FAE04EC0-301F-11D3-BF4B-00C04F79EFBC}") = "Task04-2", "Task04-2\Task04-2.csproj", "{4031A4B0-9C1C-4D31-B350-C4307B648F13}"
EndProject
Global
	GlobalSection(SolutionConfigurationPlatforms) = preSolution
		Debug|Any CPU = Debug|Any CPU
		Release|Any CPU = Release|Any CPU
	EndGlobalSection
	GlobalSection(ProjectConfigurationPlatforms) = postSolution
		{C7736B63-0780-4C18-98B0-0FABFF15D76F}.Debug|Any CPU.ActiveCfg = Debug|Any CPU
		{C7736B63-0780-4C18-98B0-0FABFF15D76F}.Debug|Any CPU.Build.0 = Debug|Any CPU
		{C7736B63-0780-4C18-98B0-0FABFF15D76F}.Release|Any CPU.ActiveCfg = Release|Any CPU
		{C7736B63-0780-4C18-98B0-0FABFF15D76F}.Release|Any CPU.Build.0 = Release|Any CPU
		{DF5D972D-021F-482B-8A97-8308C45F2A05}.Debug|Any CPU.ActiveCfg = Debug|Any CPU
		{DF5D972D-021F-482B-8A97-8308C45F2A05}.Debug|Any CPU.Build.0 = Debug|Any CPU
		{DF5D972D-021F-482B-8A97-8308C45F2A05}.Release|Any CPU.ActiveCfg = Release|Any CPU
		{DF5D972D-021F-482B-8A97-8308C45F2A05}.Release|Any CPU.Build.0 = Release|Any CPU
		{4031A4B0-9C1C-4D31-B350-C4307B648F13}.Debug|Any CPU.ActiveCfg = Debug|Any CPU
		{4031A4B0-9C1C-4D31-B350-C4307B648F13}.Debug|Any CPU.Build.0 = Debug|Any CPU
		{4031A4B0-9C1C-4D31-B350-C4307B648F13}.Release|Any CPU.ActiveCfg = Release|Any CPU
		{4031A4B0-9C1C-4D31-B350-C4307B648F13}.Release|Any CPU.Build.0 = Release|Any CPU
	EndGlobalSection
	GlobalSection(SolutionProperties) = preSolution
		HideSolutionNode = FALSE
	EndGlobalSection
	GlobalSection(ExtensibilityGlobals) = postSolution
		SolutionGuid = {ED89BFA7-C72E-4B78-924A-E3E5CAE5D51D}
	EndGlobalSection
EndGlobal
