
Microsoft Visual Studio Solution File, Format Version 12.00
# Visual Studio Version 17
VisualStudioVersion = 17.11.35327.3
MinimumVisualStudioVersion = 10.0.40219.1
Project("{FAE04EC0-301F-11D3-BF4B-00C04F79EFBC}") = "task10", "task10.csproj", "{05204F6F-2C6A-4F32-B060-1C95D0CC2E2E}"
EndProject
Global
	GlobalSection(SolutionConfigurationPlatforms) = preSolution
		Debug|Any CPU = Debug|Any CPU
		Release|Any CPU = Release|Any CPU
	EndGlobalSection
	GlobalSection(ProjectConfigurationPlatforms) = postSolution
		{05204F6F-2C6A-4F32-B060-1C95D0CC2E2E}.Debug|Any CPU.ActiveCfg = Debug|Any CPU
		{05204F6F-2C6A-4F32-B060-1C95D0CC2E2E}.Debug|Any CPU.Build.0 = Debug|Any CPU
		{05204F6F-2C6A-4F32-B060-1C95D0CC2E2E}.Release|Any CPU.ActiveCfg = Release|Any CPU
		{05204F6F-2C6A-4F32-B060-1C95D0CC2E2E}.Release|Any CPU.Build.0 = Release|Any CPU
	EndGlobalSection
	GlobalSection(SolutionProperties) = preSolution
		HideSolutionNode = FALSE
	EndGlobalSection
	GlobalSection(ExtensibilityGlobals) = postSolution
		SolutionGuid = {9FC01F7F-F7C2-4016-B845-35B017161D06}
	EndGlobalSection
EndGlobal
