
Microsoft Visual Studio Solution File, Format Version 12.00
# Visual Studio Version 17
VisualStudioVersion = 17.11.35327.3
MinimumVisualStudioVersion = 10.0.40219.1
Project("{FAE04EC0-301F-11D3-BF4B-00C04F79EFBC}") = "Task04-2", "Task04-2\Task04-2.csproj", "{C763A164-4999-4A81-AFAF-6B2803E5E55C}"
EndProject
Global
	GlobalSection(SolutionConfigurationPlatforms) = preSolution
		Debug|Any CPU = Debug|Any CPU
		Release|Any CPU = Release|Any CPU
	EndGlobalSection
	GlobalSection(ProjectConfigurationPlatforms) = postSolution
		{C763A164-4999-4A81-AFAF-6B2803E5E55C}.Debug|Any CPU.ActiveCfg = Debug|Any CPU
		{C763A164-4999-4A81-AFAF-6B2803E5E55C}.Debug|Any CPU.Build.0 = Debug|Any CPU
		{C763A164-4999-4A81-AFAF-6B2803E5E55C}.Release|Any CPU.ActiveCfg = Release|Any CPU
		{C763A164-4999-4A81-AFAF-6B2803E5E55C}.Release|Any CPU.Build.0 = Release|Any CPU
	EndGlobalSection
	GlobalSection(SolutionProperties) = preSolution
		HideSolutionNode = FALSE
	EndGlobalSection
	GlobalSection(ExtensibilityGlobals) = postSolution
		SolutionGuid = {D6DF4F42-520D-4AAF-B291-846B4931EF4F}
	EndGlobalSection
EndGlobal
