
Microsoft Visual Studio Solution File, Format Version 12.00
# Visual Studio Version 17
VisualStudioVersion = 17.11.35327.3
MinimumVisualStudioVersion = 10.0.40219.1
Project("{FAE04EC0-301F-11D3-BF4B-00C04F79EFBC}") = "Task11", "Task11.csproj", "{24146495-06B6-440E-AE85-ABE45D95E7C4}"
EndProject
Global
	GlobalSection(SolutionConfigurationPlatforms) = preSolution
		Debug|Any CPU = Debug|Any CPU
		Release|Any CPU = Release|Any CPU
	EndGlobalSection
	GlobalSection(ProjectConfigurationPlatforms) = postSolution
		{24146495-06B6-440E-AE85-ABE45D95E7C4}.Debug|Any CPU.ActiveCfg = Debug|Any CPU
		{24146495-06B6-440E-AE85-ABE45D95E7C4}.Debug|Any CPU.Build.0 = Debug|Any CPU
		{24146495-06B6-440E-AE85-ABE45D95E7C4}.Release|Any CPU.ActiveCfg = Release|Any CPU
		{24146495-06B6-440E-AE85-ABE45D95E7C4}.Release|Any CPU.Build.0 = Release|Any CPU
	EndGlobalSection
	GlobalSection(SolutionProperties) = preSolution
		HideSolutionNode = FALSE
	EndGlobalSection
	GlobalSection(ExtensibilityGlobals) = postSolution
		SolutionGuid = {514E55D5-E297-4520-B283-D3BAE46293EA}
	EndGlobalSection
EndGlobal
